// !$*UTF8*$!
{
	archiveVersion = 1;
	classes = {
	};
	objectVersion = 50;
	objects = {

/* Begin PBXBuildFile section */
		8A2DA4AE673048D2CB88A6D4 /* Pods_SleepPicker.framework in Frameworks */ = {isa = PBXBuildFile; fileRef = 1E89154C8FFE41CC0F1969BB /* Pods_SleepPicker.framework */; };
		CAC1251D23376E630003E466 /* AppDelegate.swift in Sources */ = {isa = PBXBuildFile; fileRef = CAC1251C23376E630003E466 /* AppDelegate.swift */; };
		CAC1251F23376E630003E466 /* SceneDelegate.swift in Sources */ = {isa = PBXBuildFile; fileRef = CAC1251E23376E630003E466 /* SceneDelegate.swift */; };
		CAC1252123376E630003E466 /* ViewController.swift in Sources */ = {isa = PBXBuildFile; fileRef = CAC1252023376E630003E466 /* ViewController.swift */; };
		CAC1252423376E630003E466 /* Main.storyboard in Resources */ = {isa = PBXBuildFile; fileRef = CAC1252223376E630003E466 /* Main.storyboard */; };
		CAC1252623376E640003E466 /* Assets.xcassets in Resources */ = {isa = PBXBuildFile; fileRef = CAC1252523376E640003E466 /* Assets.xcassets */; };
		CAC1252923376E640003E466 /* LaunchScreen.storyboard in Resources */ = {isa = PBXBuildFile; fileRef = CAC1252723376E640003E466 /* LaunchScreen.storyboard */; };
/* End PBXBuildFile section */

/* Begin PBXFileReference section */
		0A1552A8854E94EA04EEDCE7 /* Pods-SleepPicker.debug.xcconfig */ = {isa = PBXFileReference; includeInIndex = 1; lastKnownFileType = text.xcconfig; name = "Pods-SleepPicker.debug.xcconfig"; path = "Target Support Files/Pods-SleepPicker/Pods-SleepPicker.debug.xcconfig"; sourceTree = "<group>"; };
		1E89154C8FFE41CC0F1969BB /* Pods_SleepPicker.framework */ = {isa = PBXFileReference; explicitFileType = wrapper.framework; includeInIndex = 0; path = Pods_SleepPicker.framework; sourceTree = BUILT_PRODUCTS_DIR; };
		88AA88438F4BED8714002ABA /* Pods-SleepPicker.release.xcconfig */ = {isa = PBXFileReference; includeInIndex = 1; lastKnownFileType = text.xcconfig; name = "Pods-SleepPicker.release.xcconfig"; path = "Target Support Files/Pods-SleepPicker/Pods-SleepPicker.release.xcconfig"; sourceTree = "<group>"; };
		CAC1251923376E630003E466 /* SleepPicker.app */ = {isa = PBXFileReference; explicitFileType = wrapper.application; includeInIndex = 0; path = SleepPicker.app; sourceTree = BUILT_PRODUCTS_DIR; };
		CAC1251C23376E630003E466 /* AppDelegate.swift */ = {isa = PBXFileReference; lastKnownFileType = sourcecode.swift; path = AppDelegate.swift; sourceTree = "<group>"; };
		CAC1251E23376E630003E466 /* SceneDelegate.swift */ = {isa = PBXFileReference; lastKnownFileType = sourcecode.swift; path = SceneDelegate.swift; sourceTree = "<group>"; };
		CAC1252023376E630003E466 /* ViewController.swift */ = {isa = PBXFileReference; lastKnownFileType = sourcecode.swift; path = ViewController.swift; sourceTree = "<group>"; };
		CAC1252323376E630003E466 /* Base */ = {isa = PBXFileReference; lastKnownFileType = file.storyboard; name = Base; path = Base.lproj/Main.storyboard; sourceTree = "<group>"; };
		CAC1252523376E640003E466 /* Assets.xcassets */ = {isa = PBXFileReference; lastKnownFileType = folder.assetcatalog; path = Assets.xcassets; sourceTree = "<group>"; };
		CAC1252823376E640003E466 /* Base */ = {isa = PBXFileReference; lastKnownFileType = file.storyboard; name = Base; path = Base.lproj/LaunchScreen.storyboard; sourceTree = "<group>"; };
		CAC1252A23376E640003E466 /* Info.plist */ = {isa = PBXFileReference; lastKnownFileType = text.plist.xml; path = Info.plist; sourceTree = "<group>"; };
/* End PBXFileReference section */

/* Begin PBXFrameworksBuildPhase section */
		CAC1251623376E630003E466 /* Frameworks */ = {
			isa = PBXFrameworksBuildPhase;
			buildActionMask = 2147483647;
			files = (
				8A2DA4AE673048D2CB88A6D4 /* Pods_SleepPicker.framework in Frameworks */,
			);
			runOnlyForDeploymentPostprocessing = 0;
		};
/* End PBXFrameworksBuildPhase section */

/* Begin PBXGroup section */
		2813F807CEF4880C317C56BE /* Pods */ = {
			isa = PBXGroup;
			children = (
				0A1552A8854E94EA04EEDCE7 /* Pods-SleepPicker.debug.xcconfig */,
				88AA88438F4BED8714002ABA /* Pods-SleepPicker.release.xcconfig */,
			);
			name = Pods;
			path = Pods;
			sourceTree = "<group>";
		};
		9D7D3C9EB46C578D1D56126E /* Frameworks */ = {
			isa = PBXGroup;
			children = (
				1E89154C8FFE41CC0F1969BB /* Pods_SleepPicker.framework */,
			);
			name = Frameworks;
			sourceTree = "<group>";
		};
		CAC1251023376E630003E466 = {
			isa = PBXGroup;
			children = (
				CAC1251B23376E630003E466 /* SleepPicker */,
				CAC1251A23376E630003E466 /* Products */,
				2813F807CEF4880C317C56BE /* Pods */,
				9D7D3C9EB46C578D1D56126E /* Frameworks */,
			);
			sourceTree = "<group>";
		};
		CAC1251A23376E630003E466 /* Products */ = {
			isa = PBXGroup;
			children = (
				CAC1251923376E630003E466 /* SleepPicker.app */,
			);
			name = Products;
			sourceTree = "<group>";
		};
		CAC1251B23376E630003E466 /* SleepPicker */ = {
			isa = PBXGroup;
			children = (
				CAC1251C23376E630003E466 /* AppDelegate.swift */,
				CAC1251E23376E630003E466 /* SceneDelegate.swift */,
				CAC1252023376E630003E466 /* ViewController.swift */,
				CAC1252223376E630003E466 /* Main.storyboard */,
				CAC1252523376E640003E466 /* Assets.xcassets */,
				CAC1252723376E640003E466 /* LaunchScreen.storyboard */,
				CAC1252A23376E640003E466 /* Info.plist */,
			);
			path = SleepPicker;
			sourceTree = "<group>";
		};
/* End PBXGroup section */

/* Begin PBXNativeTarget section */
		CAC1251823376E630003E466 /* SleepPicker */ = {
			isa = PBXNativeTarget;
			buildConfigurationList = CAC1252D23376E640003E466 /* Build configuration list for PBXNativeTarget "SleepPicker" */;
			buildPhases = (
				BA69BCF3E00664FD5CC6BA1A /* [CP] Check Pods Manifest.lock */,
				CAC1251523376E630003E466 /* Sources */,
				CAC1251623376E630003E466 /* Frameworks */,
				CAC1251723376E630003E466 /* Resources */,
				CC226D942A9279863720379F /* [CP] Embed Pods Frameworks */,
			);
			buildRules = (
			);
			dependencies = (
			);
			name = SleepPicker;
			productName = SleepPicker;
			productReference = CAC1251923376E630003E466 /* SleepPicker.app */;
			productType = "com.apple.product-type.application";
		};
/* End PBXNativeTarget section */

/* Begin PBXProject section */
		CAC1251123376E630003E466 /* Project object */ = {
			isa = PBXProject;
			attributes = {
				LastSwiftUpdateCheck = 1100;
				LastUpgradeCheck = 1100;
				ORGANIZATIONNAME = "Girijesh Kumar";
				TargetAttributes = {
					CAC1251823376E630003E466 = {
						CreatedOnToolsVersion = 11.0;
					};
				};
			};
			buildConfigurationList = CAC1251423376E630003E466 /* Build configuration list for PBXProject "SleepPicker" */;
			compatibilityVersion = "Xcode 9.3";
			developmentRegion = en;
			hasScannedForEncodings = 0;
			knownRegions = (
				en,
				Base,
			);
			mainGroup = CAC1251023376E630003E466;
			productRefGroup = CAC1251A23376E630003E466 /* Products */;
			projectDirPath = "";
			projectRoot = "";
			targets = (
				CAC1251823376E630003E466 /* SleepPicker */,
			);
		};
/* End PBXProject section */

/* Begin PBXResourcesBuildPhase section */
		CAC1251723376E630003E466 /* Resources */ = {
			isa = PBXResourcesBuildPhase;
			buildActionMask = 2147483647;
			files = (
				CAC1252923376E640003E466 /* LaunchScreen.storyboard in Resources */,
				CAC1252623376E640003E466 /* Assets.xcassets in Resources */,
				CAC1252423376E630003E466 /* Main.storyboard in Resources */,
			);
			runOnlyForDeploymentPostprocessing = 0;
		};
/* End PBXResourcesBuildPhase section */

/* Begin PBXShellScriptBuildPhase section */
		BA69BCF3E00664FD5CC6BA1A /* [CP] Check Pods Manifest.lock */ = {
			isa = PBXShellScriptBuildPhase;
			buildActionMask = 2147483647;
			files = (
			);
			inputFileListPaths = (
			);
			inputPaths = (
				"${PODS_PODFILE_DIR_PATH}/Podfile.lock",
				"${PODS_ROOT}/Manifest.lock",
			);
			name = "[CP] Check Pods Manifest.lock";
			outputFileListPaths = (
			);
			outputPaths = (
				"$(DERIVED_FILE_DIR)/Pods-SleepPicker-checkManifestLockResult.txt",
			);
			runOnlyForDeploymentPostprocessing = 0;
			shellPath = /bin/sh;
			shellScript = "diff \"${PODS_PODFILE_DIR_PATH}/Podfile.lock\" \"${PODS_ROOT}/Manifest.lock\" > /dev/null\nif [ $? != 0 ] ; then\n    # print error to STDERR\n    echo \"error: The sandbox is not in sync with the Podfile.lock. Run 'pod install' or update your CocoaPods installation.\" >&2\n    exit 1\nfi\n# This output is used by Xcode 'outputs' to avoid re-running this script phase.\necho \"SUCCESS\" > \"${SCRIPT_OUTPUT_FILE_0}\"\n";
			showEnvVarsInLog = 0;
		};
		CC226D942A9279863720379F /* [CP] Embed Pods Frameworks */ = {
			isa = PBXShellScriptBuildPhase;
			buildActionMask = 2147483647;
			files = (
			);
			inputFileListPaths = (
				"${PODS_ROOT}/Target Support Files/Pods-SleepPicker/Pods-SleepPicker-frameworks-${CONFIGURATION}-input-files.xcfilelist",
			);
			name = "[CP] Embed Pods Frameworks";
			outputFileListPaths = (
				"${PODS_ROOT}/Target Support Files/Pods-SleepPicker/Pods-SleepPicker-frameworks-${CONFIGURATION}-output-files.xcfilelist",
			);
			runOnlyForDeploymentPostprocessing = 0;
			shellPath = /bin/sh;
			shellScript = "\"${PODS_ROOT}/Target Support Files/Pods-SleepPicker/Pods-SleepPicker-frameworks.sh\"\n";
			showEnvVarsInLog = 0;
		};
/* End PBXShellScriptBuildPhase section */

/* Begin PBXSourcesBuildPhase section */
		CAC1251523376E630003E466 /* Sources */ = {
			isa = PBXSourcesBuildPhase;
			buildActionMask = 2147483647;
			files = (
				CAC1252123376E630003E466 /* ViewController.swift in Sources */,
				CAC1251D23376E630003E466 /* AppDelegate.swift in Sources */,
				CAC1251F23376E630003E466 /* SceneDelegate.swift in Sources */,
			);
			runOnlyForDeploymentPostprocessing = 0;
		};
/* End PBXSourcesBuildPhase section */

/* Begin PBXVariantGroup section */
		CAC1252223376E630003E466 /* Main.storyboard */ = {
			isa = PBXVariantGroup;
			children = (
				CAC1252323376E630003E466 /* Base */,
			);
			name = Main.storyboard;
			sourceTree = "<group>";
		};
		CAC1252723376E640003E466 /* LaunchScreen.storyboard */ = {
			isa = PBXVariantGroup;
			children = (
				CAC1252823376E640003E466 /* Base */,
			);
			name = LaunchScreen.storyboard;
			sourceTree = "<group>";
		};
/* End PBXVariantGroup section */

/* Begin XCBuildConfiguration section */
		CAC1252B23376E640003E466 /* Debug */ = {
			isa = XCBuildConfiguration;
			buildSettings = {
				ALWAYS_SEARCH_USER_PATHS = NO;
				CLANG_ANALYZER_NONNULL = YES;
				CLANG_ANALYZER_NUMBER_OBJECT_CONVERSION = YES_AGGRESSIVE;
				CLANG_CXX_LANGUAGE_STANDARD = "gnu++14";
				CLANG_CXX_LIBRARY = "libc++";
				CLANG_ENABLE_MODULES = YES;
				CLANG_ENABLE_OBJC_ARC = YES;
				CLANG_ENABLE_OBJC_WEAK = YES;
				CLANG_WARN_BLOCK_CAPTURE_AUTORELEASING = YES;
				CLANG_WARN_BOOL_CONVERSION = YES;
				CLANG_WARN_COMMA = YES;
				CLANG_WARN_CONSTANT_CONVERSION = YES;
				CLANG_WARN_DEPRECATED_OBJC_IMPLEMENTATIONS = YES;
				CLANG_WARN_DIRECT_OBJC_ISA_USAGE = YES_ERROR;
				CLANG_WARN_DOCUMENTATION_COMMENTS = YES;
				CLANG_WARN_EMPTY_BODY = YES;
				CLANG_WARN_ENUM_CONVERSION = YES;
				CLANG_WARN_INFINITE_RECURSION = YES;
				CLANG_WARN_INT_CONVERSION = YES;
				CLANG_WARN_NON_LITERAL_NULL_CONVERSION = YES;
				CLANG_WARN_OBJC_IMPLICIT_RETAIN_SELF = YES;
				CLANG_WARN_OBJC_LITERAL_CONVERSION = YES;
				CLANG_WARN_OBJC_ROOT_CLASS = YES_ERROR;
				CLANG_WARN_RANGE_LOOP_ANALYSIS = YES;
				CLANG_WARN_STRICT_PROTOTYPES = YES;
				CLANG_WARN_SUSPICIOUS_MOVE = YES;
				CLANG_WARN_UNGUARDED_AVAILABILITY = YES_AGGRESSIVE;
				CLANG_WARN_UNREACHABLE_CODE = YES;
				CLANG_WARN__DUPLICATE_METHOD_MATCH = YES;
				COPY_PHASE_STRIP = NO;
				DEBUG_INFORMATION_FORMAT = dwarf;
				ENABLE_STRICT_OBJC_MSGSEND = YES;
				ENABLE_TESTABILITY = YES;
				GCC_C_LANGUAGE_STANDARD = gnu11;
				GCC_DYNAMIC_NO_PIC = NO;
				GCC_NO_COMMON_BLOCKS = YES;
				GCC_OPTIMIZATION_LEVEL = 0;
				GCC_PREPROCESSOR_DEFINITIONS = (
					"DEBUG=1",
					"$(inherited)",
				);
				GCC_WARN_64_TO_32_BIT_CONVERSION = YES;
				GCC_WARN_ABOUT_RETURN_TYPE = YES_ERROR;
				GCC_WARN_UNDECLARED_SELECTOR = YES;
				GCC_WARN_UNINITIALIZED_AUTOS = YES_AGGRESSIVE;
				GCC_WARN_UNUSED_FUNCTION = YES;
				GCC_WARN_UNUSED_VARIABLE = YES;
				IPHONEOS_DEPLOYMENT_TARGET = 13.0;
				MTL_ENABLE_DEBUG_INFO = INCLUDE_SOURCE;
				MTL_FAST_MATH = YES;
				ONLY_ACTIVE_ARCH = YES;
				SDKROOT = iphoneos;
				SWIFT_ACTIVE_COMPILATION_CONDITIONS = DEBUG;
				SWIFT_OPTIMIZATION_LEVEL = "-Onone";
			};
			name = Debug;
		};
		CAC1252C23376E640003E466 /* Release */ = {
			isa = XCBuildConfiguration;
			buildSettings = {
				ALWAYS_SEARCH_USER_PATHS = NO;
				CLANG_ANALYZER_NONNULL = YES;
				CLANG_ANALYZER_NUMBER_OBJECT_CONVERSION = YES_AGGRESSIVE;
				CLANG_CXX_LANGUAGE_STANDARD = "gnu++14";
				CLANG_CXX_LIBRARY = "libc++";
				CLANG_ENABLE_MODULES = YES;
				CLANG_ENABLE_OBJC_ARC = YES;
				CLANG_ENABLE_OBJC_WEAK = YES;
				CLANG_WARN_BLOCK_CAPTURE_AUTORELEASING = YES;
				CLANG_WARN_BOOL_CONVERSION = YES;
				CLANG_WARN_COMMA = YES;
				CLANG_WARN_CONSTANT_CONVERSION = YES;
				CLANG_WARN_DEPRECATED_OBJC_IMPLEMENTATIONS = YES;
				CLANG_WARN_DIRECT_OBJC_ISA_USAGE = YES_ERROR;
				CLANG_WARN_DOCUMENTATION_COMMENTS = YES;
				CLANG_WARN_EMPTY_BODY = YES;
				CLANG_WARN_ENUM_CONVERSION = YES;
				CLANG_WARN_INFINITE_RECURSION = YES;
				CLANG_WARN_INT_CONVERSION = YES;
				CLANG_WARN_NON_LITERAL_NULL_CONVERSION = YES;
				CLANG_WARN_OBJC_IMPLICIT_RETAIN_SELF = YES;
				CLANG_WARN_OBJC_LITERAL_CONVERSION = YES;
				CLANG_WARN_OBJC_ROOT_CLASS = YES_ERROR;
				CLANG_WARN_RANGE_LOOP_ANALYSIS = YES;
				CLANG_WARN_STRICT_PROTOTYPES = YES;
				CLANG_WARN_SUSPICIOUS_MOVE = YES;
				CLANG_WARN_UNGUARDED_AVAILABILITY = YES_AGGRESSIVE;
				CLANG_WARN_UNREACHABLE_CODE = YES;
				CLANG_WARN__DUPLICATE_METHOD_MATCH = YES;
				COPY_PHASE_STRIP = NO;
				DEBUG_INFORMATION_FORMAT = "dwarf-with-dsym";
				ENABLE_NS_ASSERTIONS = NO;
				ENABLE_STRICT_OBJC_MSGSEND = YES;
				GCC_C_LANGUAGE_STANDARD = gnu11;
				GCC_NO_COMMON_BLOCKS = YES;
				GCC_WARN_64_TO_32_BIT_CONVERSION = YES;
				GCC_WARN_ABOUT_RETURN_TYPE = YES_ERROR;
				GCC_WARN_UNDECLARED_SELECTOR = YES;
				GCC_WARN_UNINITIALIZED_AUTOS = YES_AGGRESSIVE;
				GCC_WARN_UNUSED_FUNCTION = YES;
				GCC_WARN_UNUSED_VARIABLE = YES;
				IPHONEOS_DEPLOYMENT_TARGET = 13.0;
				MTL_ENABLE_DEBUG_INFO = NO;
				MTL_FAST_MATH = YES;
				SDKROOT = iphoneos;
				SWIFT_COMPILATION_MODE = wholemodule;
				SWIFT_OPTIMIZATION_LEVEL = "-O";
				VALIDATE_PRODUCT = YES;
			};
			name = Release;
		};
		CAC1252E23376E640003E466 /* Debug */ = {
			isa = XCBuildConfiguration;
			baseConfigurationReference = 0A1552A8854E94EA04EEDCE7 /* Pods-SleepPicker.debug.xcconfig */;
			buildSettings = {
				ASSETCATALOG_COMPILER_APPICON_NAME = AppIcon;
				CODE_SIGN_STYLE = Automatic;
				INFOPLIST_FILE = SleepPicker/Info.plist;
				LD_RUNPATH_SEARCH_PATHS = (
					"$(inherited)",
					"@executable_path/Frameworks",
				);
				PRODUCT_BUNDLE_IDENTIFIER = com.mobcoder.SleepPicker;
				PRODUCT_NAME = "$(TARGET_NAME)";
				SWIFT_VERSION = 5.0;
				TARGETED_DEVICE_FAMILY = "1,2";
			};
			name = Debug;
		};
		CAC1252F23376E640003E466 /* Release */ = {
			isa = XCBuildConfiguration;
			baseConfigurationReference = 88AA88438F4BED8714002ABA /* Pods-SleepPicker.release.xcconfig */;
			buildSettings = {
				ASSETCATALOG_COMPILER_APPICON_NAME = AppIcon;
				CODE_SIGN_STYLE = Automatic;
				INFOPLIST_FILE = SleepPicker/Info.plist;
				LD_RUNPATH_SEARCH_PATHS = (
					"$(inherited)",
					"@executable_path/Frameworks",
				);
				PRODUCT_BUNDLE_IDENTIFIER = com.mobcoder.SleepPicker;
				PRODUCT_NAME = "$(TARGET_NAME)";
				SWIFT_VERSION = 5.0;
				TARGETED_DEVICE_FAMILY = "1,2";
			};
			name = Release;
		};
/* End XCBuildConfiguration section */

/* Begin XCConfigurationList section */
		CAC1251423376E630003E466 /* Build configuration list for PBXProject "SleepPicker" */ = {
			isa = XCConfigurationList;
			buildConfigurations = (
				CAC1252B23376E640003E466 /* Debug */,
				CAC1252C23376E640003E466 /* Release */,
			);
			defaultConfigurationIsVisible = 0;
			defaultConfigurationName = Release;
		};
		CAC1252D23376E640003E466 /* Build configuration list for PBXNativeTarget "SleepPicker" */ = {
			isa = XCConfigurationList;
			buildConfigurations = (
				CAC1252E23376E640003E466 /* Debug */,
				CAC1252F23376E640003E466 /* Release */,
			);
			defaultConfigurationIsVisible = 0;
			defaultConfigurationName = Release;
		};
/* End XCConfigurationList section */
	};
	rootObject = CAC1251123376E630003E466 /* Project object */;
}
